
Microsoft Visual Studio Solution File, Format Version 12.00
# Visual Studio Version 17
VisualStudioVersion = 17.1.32210.238
MinimumVisualStudioVersion = 10.0.40219.1
Project("{FAE04EC0-301F-11D3-BF4B-00C04F79EFBC}") = "Day3", "Day3\Day3.csproj", "{6AB80DEB-568B-4120-BCB8-E4D7EF04C759}"
EndProject
Global
	GlobalSection(SolutionConfigurationPlatforms) = preSolution
		Debug|Any CPU = Debug|Any CPU
		Release|Any CPU = Release|Any CPU
	EndGlobalSection
	GlobalSection(ProjectConfigurationPlatforms) = postSolution
		{6AB80DEB-568B-4120-BCB8-E4D7EF04C759}.Debug|Any CPU.ActiveCfg = Debug|Any CPU
		{6AB80DEB-568B-4120-BCB8-E4D7EF04C759}.Debug|Any CPU.Build.0 = Debug|Any CPU
		{6AB80DEB-568B-4120-BCB8-E4D7EF04C759}.Release|Any CPU.ActiveCfg = Release|Any CPU
		{6AB80DEB-568B-4120-BCB8-E4D7EF04C759}.Release|Any CPU.Build.0 = Release|Any CPU
	EndGlobalSection
	GlobalSection(SolutionProperties) = preSolution
		HideSolutionNode = FALSE
	EndGlobalSection
	GlobalSection(ExtensibilityGlobals) = postSolution
		SolutionGuid = {99944F70-2CDB-4490-BB53-E5FCAF3A2981}
	EndGlobalSection
EndGlobal
